
Microsoft Visual Studio Solution File, Format Version 12.00
# Visual Studio 15
VisualStudioVersion = 15.0.28307.852
MinimumVisualStudioVersion = 10.0.40219.1
Project("{FAE04EC0-301F-11D3-BF4B-00C04F79EFBC}") = "FunctionAzureSendEmail", "FunctionApp2\FunctionAzureSendEmail.csproj", "{1B5D572C-9606-42C2-BB7B-D00E8D8192B8}"
EndProject
Project("{FAE04EC0-301F-11D3-BF4B-00C04F79EFBC}") = "FunctionAppSendMessageQueue", "FunctionAppSendMessageQueue\FunctionAppSendMessageQueue.csproj", "{CFD3DF47-4CF9-405F-8A5E-F6F8548DAD0A}"
EndProject
Global
	GlobalSection(SolutionConfigurationPlatforms) = preSolution
		Debug|Any CPU = Debug|Any CPU
		Release|Any CPU = Release|Any CPU
	EndGlobalSection
	GlobalSection(ProjectConfigurationPlatforms) = postSolution
		{1B5D572C-9606-42C2-BB7B-D00E8D8192B8}.Debug|Any CPU.ActiveCfg = Debug|Any CPU
		{1B5D572C-9606-42C2-BB7B-D00E8D8192B8}.Debug|Any CPU.Build.0 = Debug|Any CPU
		{1B5D572C-9606-42C2-BB7B-D00E8D8192B8}.Release|Any CPU.ActiveCfg = Release|Any CPU
		{1B5D572C-9606-42C2-BB7B-D00E8D8192B8}.Release|Any CPU.Build.0 = Release|Any CPU
		{CFD3DF47-4CF9-405F-8A5E-F6F8548DAD0A}.Debug|Any CPU.ActiveCfg = Debug|Any CPU
		{CFD3DF47-4CF9-405F-8A5E-F6F8548DAD0A}.Debug|Any CPU.Build.0 = Debug|Any CPU
		{CFD3DF47-4CF9-405F-8A5E-F6F8548DAD0A}.Release|Any CPU.ActiveCfg = Release|Any CPU
		{CFD3DF47-4CF9-405F-8A5E-F6F8548DAD0A}.Release|Any CPU.Build.0 = Release|Any CPU
	EndGlobalSection
	GlobalSection(SolutionProperties) = preSolution
		HideSolutionNode = FALSE
	EndGlobalSection
	GlobalSection(ExtensibilityGlobals) = postSolution
		SolutionGuid = {CFDADCD5-7FE5-4EBE-AEBC-1E14D7E70005}
	EndGlobalSection
EndGlobal
